<?xml version="1.0" encoding="utf-8"?>
<Project ToolsVersion="4.0" xmlns="http://schemas.microsoft.com/developer/msbuild/2003">
  <ItemGroup>
    <Filter Include="Source Files">
      <UniqueIdentifier>{4FC737F1-C7A5-4376-A066-2A32D752A2FF}</UniqueIdentifier>
      <Extensions>cpp;c;cc;cxx;def;odl;idl;hpj;bat;asm;asmx</Extensions>
    </Filter>
    <Filter Include="Header Files">
      <UniqueIdentifier>{93995380-89BD-4b04-88EB-625FBE52EBFB}</UniqueIdentifier>
      <Extensions>h;hh;hpp;hxx;hm;inl;inc;xsd</Extensions>
    </Filter>
    <Filter Include="Resource Files">
      <UniqueIdentifier>{67DA6AB6-F800-4c08-8B7A-83BB121AAD01}</UniqueIdentifier>
      <Extensions>rc;ico;cur;bmp;dlg;rc2;rct;bin;rgs;gif;jpg;jpeg;jpe;resx;tiff;tif;png;wav;mfcribbon-ms</Extensions>
    </Filter>
  </ItemGroup>
  <ItemGroup>
    <ClCompile Include="main.cpp">
      <Filter>Source Files</Filter>
    </ClCompile>
    <ClCompile Include="department.cpp">
      <Filter>Source Files</Filter>
    </ClCompile>
    <ClCompile Include="doctor.cpp">
      <Filter>Source Files</Filter>
    </ClCompile>
    <ClCompile Include="nurse.cpp">
      <Filter>Source Files</Filter>
    </ClCompile>
    <ClCompile Include="Patient.cpp">
      <Filter>Source Files</Filter>
    </ClCompile>
    <ClCompile Include="researcher.cpp">
      <Filter>Source Files</Filter>
    </ClCompile>
    <ClCompile Include="article.cpp">
      <Filter>Source Files</Filter>
    </ClCompile>
    <ClCompile Include="date.cpp">
      <Filter>Source Files</Filter>
    </ClCompile>
    <ClCompile Include="hospital.cpp">
      <Filter>Source Files</Filter>
    </ClCompile>
    <ClCompile Include="VisitationForm.cpp">
      <Filter>Source Files</Filter>
    </ClCompile>
    <ClCompile Include="StaffMember.cpp">
      <Filter>Source Files</Filter>
    </ClCompile>
    <ClCompile Include="SurgeonDoc.cpp">
      <Filter>Source Files</Filter>
    </ClCompile>
    <ClCompile Include="ResearchDoc.cpp">
      <Filter>Source Files</Filter>
    </ClCompile>
    <ClCompile Include="surgeryVisitation.cpp">
      <Filter>Source Files</Filter>
    </ClCompile>
    <ClCompile Include="Array.cpp">
      <Filter>Source Files</Filter>
    </ClCompile>
    <ClCompile Include="StaffGenerator.cpp">
      <Filter>Source Files</Filter>
    </ClCompile>
  </ItemGroup>
  <ItemGroup>
    <ClInclude Include="department.h">
      <Filter>Header Files</Filter>
    </ClInclude>
    <ClInclude Include="doctor.h">
      <Filter>Header Files</Filter>
    </ClInclude>
    <ClInclude Include="nurse.h">
      <Filter>Header Files</Filter>
    </ClInclude>
    <ClInclude Include="Patient.h">
      <Filter>Header Files</Filter>
    </ClInclude>
    <ClInclude Include="researcher.h">
      <Filter>Header Files</Filter>
    </ClInclude>
    <ClInclude Include="article.h">
      <Filter>Header Files</Filter>
    </ClInclude>
    <ClInclude Include="date.h">
      <Filter>Header Files</Filter>
    </ClInclude>
    <ClInclude Include="hospital.h">
      <Filter>Header Files</Filter>
    </ClInclude>
    <ClInclude Include="VisitationForm.h">
      <Filter>Header Files</Filter>
    </ClInclude>
    <ClInclude Include="StaffMember.h">
      <Filter>Header Files</Filter>
    </ClInclude>
    <ClInclude Include="ResearchDoc.h">
      <Filter>Header Files</Filter>
    </ClInclude>
    <ClInclude Include="SurgeonDoc.h">
      <Filter>Header Files</Filter>
    </ClInclude>
    <ClInclude Include="surgeryVisitation.h">
      <Filter>Header Files</Filter>
    </ClInclude>
    <ClInclude Include="Array.h">
      <Filter>Header Files</Filter>
    </ClInclude>
    <ClInclude Include="NurseException.h">
      <Filter>Header Files</Filter>
    </ClInclude>
    <ClInclude Include="StaffMemberException.h">
      <Filter>Header Files</Filter>
    </ClInclude>
    <ClInclude Include="DoctorException.h">
      <Filter>Header Files</Filter>
    </ClInclude>
    <ClInclude Include="ArticleException.h">
      <Filter>Header Files</Filter>
    </ClInclude>
    <ClInclude Include="DateException.h">
      <Filter>Header Files</Filter>
    </ClInclude>
    <ClInclude Include="PatientException.h">
      <Filter>Header Files</Filter>
    </ClInclude>
    <ClInclude Include="VisitationException.h">
      <Filter>Header Files</Filter>
    </ClInclude>
    <ClInclude Include="StaffGenerator.h">
      <Filter>Header Files</Filter>
    </ClInclude>
  </ItemGroup>
</Project>